<?xml version="1.0" encoding="utf-8"?>
<Project ToolsVersion="4.0" xmlns="http://schemas.microsoft.com/developer/msbuild/2003">
  <ItemGroup>
    <Filter Include="Source Files">
      <UniqueIdentifier>{4FC737F1-C7A5-4376-A066-2A32D752A2FF}</UniqueIdentifier>
      <Extensions>cpp;c;cc;cxx;c++;cppm;ixx;def;odl;idl;hpj;bat;asm;asmx</Extensions>
    </Filter>
    <Filter Include="Header Files">
      <UniqueIdentifier>{93995380-89BD-4b04-88EB-625FBE52EBFB}</UniqueIdentifier>
      <Extensions>h;hh;hpp;hxx;h++;hm;inl;inc;ipp;xsd</Extensions>
    </Filter>
    <Filter Include="Resource Files">
      <UniqueIdentifier>{67DA6AB6-F800-4c08-8B7A-83BB121AAD01}</UniqueIdentifier>
      <Extensions>rc;ico;cur;bmp;dlg;rc2;rct;bin;rgs;gif;jpg;jpeg;jpe;resx;tiff;tif;png;wav;mfcribbon-ms</Extensions>
    </Filter>
    <Filter Include="Header Files\sdk">
      <UniqueIdentifier>{4f94dfaa-8124-4805-a241-c927f8aa0b58}</UniqueIdentifier>
    </Filter>
    <Filter Include="Source Files\sdk">
      <UniqueIdentifier>{5db6ebfd-df33-4589-9eef-a0fdd79ba288}</UniqueIdentifier>
    </Filter>
    <Filter Include="Header Files\events">
      <UniqueIdentifier>{41f88645-9cc4-402c-8109-2c21a828551c}</UniqueIdentifier>
    </Filter>
    <Filter Include="Source Files\events">
      <UniqueIdentifier>{f4184512-73bf-4c70-bbf2-8bd16b8d7af9}</UniqueIdentifier>
    </Filter>
  </ItemGroup>
  <ItemGroup>
    <ClCompile Include="dllmain.cpp">
      <Filter>Source Files</Filter>
    </ClCompile>
    <ClCompile Include="helpers.cpp">
      <Filter>Source Files</Filter>
    </ClCompile>
    <ClCompile Include="sdk\StateManager.cpp">
      <Filter>Source Files\sdk</Filter>
    </ClCompile>
    <ClCompile Include="Hooks.cpp">
      <Filter>Source Files</Filter>
    </ClCompile>
    <ClCompile Include="Modding.cpp">
      <Filter>Source Files</Filter>
    </ClCompile>
  </ItemGroup>
  <ItemGroup>
    <ClInclude Include="helpers.hpp">
      <Filter>Header Files</Filter>
    </ClInclude>
    <ClInclude Include="sdk\StateManager.hpp">
      <Filter>Header Files\sdk</Filter>
    </ClInclude>
    <ClInclude Include="sdk\States.hpp">
      <Filter>Header Files\sdk</Filter>
    </ClInclude>
    <ClInclude Include="sdk\FontRenderer.hpp">
      <Filter>Header Files\sdk</Filter>
    </ClInclude>
    <ClInclude Include="sdk\QuadRenderer.hpp">
      <Filter>Header Files\sdk</Filter>
    </ClInclude>
    <ClInclude Include="sdk\TexRenderer.hpp">
      <Filter>Header Files\sdk</Filter>
    </ClInclude>
    <ClInclude Include="sdk\World.hpp">
      <Filter>Header Files\sdk</Filter>
    </ClInclude>
    <ClInclude Include="sdk\MeshRenderer.hpp">
      <Filter>Header Files\sdk</Filter>
    </ClInclude>
    <ClInclude Include="sdk\Player.hpp">
      <Filter>Header Files\sdk</Filter>
    </ClInclude>
    <ClInclude Include="sdk\Inventory.hpp">
      <Filter>Header Files\sdk</Filter>
    </ClInclude>
    <ClInclude Include="sdk\Item.hpp">
      <Filter>Header Files\sdk</Filter>
    </ClInclude>
    <ClInclude Include="sdk\Mat.hpp">
      <Filter>Header Files\sdk</Filter>
    </ClInclude>
    <ClInclude Include="sdk\Gui.hpp">
      <Filter>Header Files\sdk</Filter>
    </ClInclude>
    <ClInclude Include="Hooks.hpp">
      <Filter>Header Files</Filter>
    </ClInclude>
    <ClInclude Include="Modding.hpp">
      <Filter>Header Files</Filter>
    </ClInclude>
    <ClInclude Include="events\Events.hpp">
      <Filter>Header Files\events</Filter>
    </ClInclude>
    <ClInclude Include="dexode\eventbus\internal\event_id.hpp">
      <Filter>Header Files</Filter>
    </ClInclude>
    <ClInclude Include="dexode\eventbus\internal\listener_traits.hpp">
      <Filter>Header Files</Filter>
    </ClInclude>
    <ClInclude Include="dexode\eventbus\internal\ListenerAttorney.hpp">
      <Filter>Header Files</Filter>
    </ClInclude>
    <ClInclude Include="dexode\eventbus\perk\PassPerk.hpp">
      <Filter>Header Files</Filter>
    </ClInclude>
    <ClInclude Include="dexode\eventbus\perk\Perk.hpp">
      <Filter>Header Files</Filter>
    </ClInclude>
    <ClInclude Include="dexode\eventbus\perk\PerkEventBus.hpp">
      <Filter>Header Files</Filter>
    </ClInclude>
    <ClInclude Include="dexode\eventbus\perk\TagPerk.hpp">
      <Filter>Header Files</Filter>
    </ClInclude>
    <ClInclude Include="dexode\eventbus\perk\WaitPerk.hpp">
      <Filter>Header Files</Filter>
    </ClInclude>
    <ClInclude Include="dexode\eventbus\permission\PostponeBus.hpp">
      <Filter>Header Files</Filter>
    </ClInclude>
    <ClInclude Include="dexode\eventbus\stream\EventStream.hpp">
      <Filter>Header Files</Filter>
    </ClInclude>
    <ClInclude Include="dexode\eventbus\stream\ProtectedEventStream.hpp">
      <Filter>Header Files</Filter>
    </ClInclude>
    <ClInclude Include="dexode\eventbus\Bus.hpp">
      <Filter>Header Files</Filter>
    </ClInclude>
    <ClInclude Include="dexode\eventbus\Listener.hpp">
      <Filter>Header Files</Filter>
    </ClInclude>
    <ClInclude Include="dexode\EventBus.hpp">
      <Filter>Header Files</Filter>
    </ClInclude>
  </ItemGroup>
  <ItemGroup>
    <None Include="packages.config" />
  </ItemGroup>
</Project>